
Microsoft Visual Studio Solution File, Format Version 12.00
# Visual Studio Version 16
VisualStudioVersion = 16.0.33529.622
MinimumVisualStudioVersion = 10.0.40219.1
Project("{FAE04EC0-301F-11D3-BF4B-00C04F79EFBC}") = "PissPitMod", "PissPitMod.csproj", "{376CF4AD-05EC-4259-90DF-E4C311170117}"
EndProject
Global
	GlobalSection(SolutionConfigurationPlatforms) = preSolution
		Debug|Any CPU = Debug|Any CPU
		Release|Any CPU = Release|Any CPU
	EndGlobalSection
	GlobalSection(ProjectConfigurationPlatforms) = postSolution
		{376CF4AD-05EC-4259-90DF-E4C311170117}.Debug|Any CPU.ActiveCfg = Debug|Any CPU
		{376CF4AD-05EC-4259-90DF-E4C311170117}.Debug|Any CPU.Build.0 = Debug|Any CPU
		{376CF4AD-05EC-4259-90DF-E4C311170117}.Release|Any CPU.ActiveCfg = Release|Any CPU
		{376CF4AD-05EC-4259-90DF-E4C311170117}.Release|Any CPU.Build.0 = Release|Any CPU
	EndGlobalSection
	GlobalSection(SolutionProperties) = preSolution
		HideSolutionNode = FALSE
	EndGlobalSection
	GlobalSection(ExtensibilityGlobals) = postSolution
		SolutionGuid = {39FF81E6-B298-4860-A562-E6C66D3AD832}
	EndGlobalSection
EndGlobal
